Microsoft Visual Studio Solution File, Format Version 12.00
# Visual Studio Version 17
VisualStudioVersion = 17.5.2.0
MinimumVisualStudioVersion = 10.0.40219.1
Project("{FAE04EC0-301F-11D3-BF4B-00C04F79EFBC}") = "dio-dotnet-poo", "dio-dotnet-poo.csproj", "{A8528185-DEAF-168C-677C-4C9FDA163986}"
EndProject
Global
	GlobalSection(SolutionConfigurationPlatforms) = preSolution
		Debug|Any CPU = Debug|Any CPU
		Release|Any CPU = Release|Any CPU
	EndGlobalSection
	GlobalSection(ProjectConfigurationPlatforms) = postSolution
		{A8528185-DEAF-168C-677C-4C9FDA163986}.Debug|Any CPU.ActiveCfg = Debug|Any CPU
		{A8528185-DEAF-168C-677C-4C9FDA163986}.Debug|Any CPU.Build.0 = Debug|Any CPU
		{A8528185-DEAF-168C-677C-4C9FDA163986}.Release|Any CPU.ActiveCfg = Release|Any CPU
		{A8528185-DEAF-168C-677C-4C9FDA163986}.Release|Any CPU.Build.0 = Release|Any CPU
	EndGlobalSection
	GlobalSection(SolutionProperties) = preSolution
		HideSolutionNode = FALSE
	EndGlobalSection
	GlobalSection(ExtensibilityGlobals) = postSolution
		SolutionGuid = {835EC293-6C4E-480A-BF48-EA21B88B499B}
	EndGlobalSection
EndGlobal
